
Microsoft Visual Studio Solution File, Format Version 12.00
# Visual Studio Version 17
VisualStudioVersion = 17.10.35027.167
MinimumVisualStudioVersion = 10.0.40219.1
Project("{2150E333-8FDC-42A3-9474-1A3956D46DE8}") = "API", "API", "{F75C8DB4-8EAC-4A80-AF64-49C85252B820}"
EndProject
Project("{2150E333-8FDC-42A3-9474-1A3956D46DE8}") = "Data", "Data", "{467D7DC4-D5EB-47B4-9AF0-69F3746A0EFB}"
EndProject
Project("{2150E333-8FDC-42A3-9474-1A3956D46DE8}") = "Domain", "Domain", "{C93803D8-DEAA-4D8B-9A70-CA0CEF52A6A2}"
EndProject
Project("{2150E333-8FDC-42A3-9474-1A3956D46DE8}") = "Service", "Service", "{7F09223B-EF58-4E7D-A551-603B090CC9B5}"
EndProject
Project("{9A19103F-16F7-4668-BE54-9A1E7A4F7556}") = "API.Data", "API.Data\API.Data.csproj", "{EA7BC684-9B0F-4CF3-906D-C0A1F3758EF9}"
EndProject
Project("{9A19103F-16F7-4668-BE54-9A1E7A4F7556}") = "API.Domain", "API.Domain\API.Domain.csproj", "{5AE1E769-3546-4593-A70D-472496E47423}"
EndProject
Project("{9A19103F-16F7-4668-BE54-9A1E7A4F7556}") = "API.Service", "API.Service\API.Service.csproj", "{4300E48D-2855-47E6-8307-3AE00CA307A7}"
EndProject
Project("{9A19103F-16F7-4668-BE54-9A1E7A4F7556}") = "API.Web", "API.Web\API.Web.csproj", "{30C5ECDC-1087-4177-BEC7-805F6B523415}"
EndProject
Project("{2150E333-8FDC-42A3-9474-1A3956D46DE8}") = "Test", "Test", "{AD9EAC06-852A-4B51-A855-3D41FFA0CB6C}"
EndProject
Project("{FAE04EC0-301F-11D3-BF4B-00C04F79EFBC}") = "API.Test", "API.Test\API.Test.csproj", "{C237EF2F-7867-4F35-8801-04D1A409B690}"
EndProject
Global
	GlobalSection(SolutionConfigurationPlatforms) = preSolution
		Debug|Any CPU = Debug|Any CPU
		Release|Any CPU = Release|Any CPU
	EndGlobalSection
	GlobalSection(ProjectConfigurationPlatforms) = postSolution
		{EA7BC684-9B0F-4CF3-906D-C0A1F3758EF9}.Debug|Any CPU.ActiveCfg = Debug|Any CPU
		{EA7BC684-9B0F-4CF3-906D-C0A1F3758EF9}.Debug|Any CPU.Build.0 = Debug|Any CPU
		{EA7BC684-9B0F-4CF3-906D-C0A1F3758EF9}.Release|Any CPU.ActiveCfg = Release|Any CPU
		{EA7BC684-9B0F-4CF3-906D-C0A1F3758EF9}.Release|Any CPU.Build.0 = Release|Any CPU
		{5AE1E769-3546-4593-A70D-472496E47423}.Debug|Any CPU.ActiveCfg = Debug|Any CPU
		{5AE1E769-3546-4593-A70D-472496E47423}.Debug|Any CPU.Build.0 = Debug|Any CPU
		{5AE1E769-3546-4593-A70D-472496E47423}.Release|Any CPU.ActiveCfg = Release|Any CPU
		{5AE1E769-3546-4593-A70D-472496E47423}.Release|Any CPU.Build.0 = Release|Any CPU
		{4300E48D-2855-47E6-8307-3AE00CA307A7}.Debug|Any CPU.ActiveCfg = Debug|Any CPU
		{4300E48D-2855-47E6-8307-3AE00CA307A7}.Debug|Any CPU.Build.0 = Debug|Any CPU
		{4300E48D-2855-47E6-8307-3AE00CA307A7}.Release|Any CPU.ActiveCfg = Release|Any CPU
		{4300E48D-2855-47E6-8307-3AE00CA307A7}.Release|Any CPU.Build.0 = Release|Any CPU
		{30C5ECDC-1087-4177-BEC7-805F6B523415}.Debug|Any CPU.ActiveCfg = Debug|Any CPU
		{30C5ECDC-1087-4177-BEC7-805F6B523415}.Debug|Any CPU.Build.0 = Debug|Any CPU
		{30C5ECDC-1087-4177-BEC7-805F6B523415}.Release|Any CPU.ActiveCfg = Release|Any CPU
		{30C5ECDC-1087-4177-BEC7-805F6B523415}.Release|Any CPU.Build.0 = Release|Any CPU
		{C237EF2F-7867-4F35-8801-04D1A409B690}.Debug|Any CPU.ActiveCfg = Debug|Any CPU
		{C237EF2F-7867-4F35-8801-04D1A409B690}.Debug|Any CPU.Build.0 = Debug|Any CPU
		{C237EF2F-7867-4F35-8801-04D1A409B690}.Release|Any CPU.ActiveCfg = Release|Any CPU
		{C237EF2F-7867-4F35-8801-04D1A409B690}.Release|Any CPU.Build.0 = Release|Any CPU
	EndGlobalSection
	GlobalSection(SolutionProperties) = preSolution
		HideSolutionNode = FALSE
	EndGlobalSection
	GlobalSection(NestedProjects) = preSolution
		{EA7BC684-9B0F-4CF3-906D-C0A1F3758EF9} = {467D7DC4-D5EB-47B4-9AF0-69F3746A0EFB}
		{5AE1E769-3546-4593-A70D-472496E47423} = {C93803D8-DEAA-4D8B-9A70-CA0CEF52A6A2}
		{4300E48D-2855-47E6-8307-3AE00CA307A7} = {7F09223B-EF58-4E7D-A551-603B090CC9B5}
		{30C5ECDC-1087-4177-BEC7-805F6B523415} = {F75C8DB4-8EAC-4A80-AF64-49C85252B820}
		{C237EF2F-7867-4F35-8801-04D1A409B690} = {AD9EAC06-852A-4B51-A855-3D41FFA0CB6C}
	EndGlobalSection
	GlobalSection(ExtensibilityGlobals) = postSolution
		SolutionGuid = {BA480AE7-6BCE-46B9-8062-11F4F27FF458}
	EndGlobalSection
EndGlobal
